// !$*UTF8*$!
{
	archiveVersion = 1;
	classes = {
	};
	objectVersion = 77;
	objects = {

/* Begin PBXBuildFile section */
		AD0000000000000000000012 /* KanpanCore in Frameworks */ = {isa = PBXBuildFile; productRef = AD0000000000000000000011 /* KanpanCore */; };
		AD0000000000000000000013 /* KanpanWidget.appex in Embed Foundation Extensions */ = {isa = PBXBuildFile; fileRef = AD0000000000000000000005 /* KanpanWidget.appex */; settings = {ATTRIBUTES = (RemoveHeadersOnCopy, ); }; };
		AC0000000000000000000052 /* KanpanAccount in Frameworks */ = {isa = PBXBuildFile; productRef = AC0000000000000000000051 /* KanpanAccount */; };
		AB0000000000000000000012 /* KanpanCore in Frameworks */ = {isa = PBXBuildFile; productRef = AB0000000000000000000011 /* KanpanCore */; };
		AB0000000000000000000022 /* KanpanChart in Frameworks */ = {isa = PBXBuildFile; productRef = AB0000000000000000000021 /* KanpanChart */; };
		AB0000000000000000000032 /* KanpanData in Frameworks */ = {isa = PBXBuildFile; productRef = AB0000000000000000000031 /* KanpanData */; };
		AB0000000000000000000062 /* KanpanNetwork in Frameworks */ = {isa = PBXBuildFile; productRef = AB0000000000000000000061 /* KanpanNetwork */; };
		AB0000000000000000000052 /* KanpanReview in Frameworks */ = {isa = PBXBuildFile; productRef = AB0000000000000000000051 /* KanpanReview */; };
		AB0000000000000000000072 /* KanpanPresentation in Frameworks */ = {isa = PBXBuildFile; productRef = AB0000000000000000000071 /* KanpanPresentation */; };
		AD0000000000000000000072 /* KanpanPresentation in Frameworks */ = {isa = PBXBuildFile; productRef = AD0000000000000000000071 /* KanpanPresentation */; };
/* End PBXBuildFile section */

/* Begin PBXContainerItemProxy section */
		AE000000000000000000004B /* PBXContainerItemProxy */ = {
			isa = PBXContainerItemProxy;
			containerPortal = AB0000000000000000000001 /* Project object */;
			proxyType = 1;
			remoteGlobalIDString = AB0000000000000000000004;
			remoteInfo = Kanpan;
		};
		AD000000000000000000004B /* PBXContainerItemProxy */ = {
			isa = PBXContainerItemProxy;
			containerPortal = AB0000000000000000000001 /* Project object */;
			proxyType = 1;
			remoteGlobalIDString = AD0000000000000000000004;
			remoteInfo = KanpanWidget;
		};
		AB000000000000000000004B /* PBXContainerItemProxy */ = {
			isa = PBXContainerItemProxy;
			containerPortal = AB0000000000000000000001 /* Project object */;
			proxyType = 1;
			remoteGlobalIDString = AB0000000000000000000004;
			remoteInfo = Kanpan;
		};
/* End PBXContainerItemProxy section */

/* Begin PBXCopyFilesBuildPhase section */
		AD0000000000000000000014 /* Embed Foundation Extensions */ = {
			isa = PBXCopyFilesBuildPhase;
			buildActionMask = 2147483647;
			dstPath = "";
			dstSubfolderSpec = 13;
			files = (
				AD0000000000000000000013 /* KanpanWidget.appex in Embed Foundation Extensions */,
			);
			name = "Embed Foundation Extensions";
			runOnlyForDeploymentPostprocessing = 0;
		};
/* End PBXCopyFilesBuildPhase section */

/* Begin PBXFileReference section */
		AE0000000000000000000041 /* KanpanTests.xctest */ = {isa = PBXFileReference; explicitFileType = wrapper.cfbundle; includeInIndex = 0; path = KanpanTests.xctest; sourceTree = BUILT_PRODUCTS_DIR; };
		AD0000000000000000000005 /* KanpanWidget.appex */ = {isa = PBXFileReference; explicitFileType = "wrapper.app-extension"; includeInIndex = 0; path = KanpanWidget.appex; sourceTree = BUILT_PRODUCTS_DIR; };
		AB0000000000000000000005 /* Kanpan.app */ = {isa = PBXFileReference; explicitFileType = wrapper.application; includeInIndex = 0; path = Kanpan.app; sourceTree = BUILT_PRODUCTS_DIR; };
		AB0000000000000000000041 /* KanpanUITests.xctest */ = {isa = PBXFileReference; explicitFileType = wrapper.cfbundle; includeInIndex = 0; path = KanpanUITests.xctest; sourceTree = BUILT_PRODUCTS_DIR; };
/* End PBXFileReference section */

/* Begin PBXFileSystemSynchronizedRootGroup section */
		AE0000000000000000000042 /* KanpanTests */ = {
			isa = PBXFileSystemSynchronizedRootGroup;
			path = KanpanTests;
			sourceTree = "<group>";
		};
		AD0000000000000000000009 /* KanpanWidget */ = {
			isa = PBXFileSystemSynchronizedRootGroup;
			path = KanpanWidget;
			sourceTree = "<group>";
		};
		AE0000000000000000000050 /* KanpanShared */ = {
			isa = PBXFileSystemSynchronizedRootGroup;
			path = KanpanShared;
			sourceTree = "<group>";
		};
		AB0000000000000000000009 /* Kanpan */ = {
			isa = PBXFileSystemSynchronizedRootGroup;
			path = Kanpan;
			sourceTree = "<group>";
		};
		AB0000000000000000000042 /* KanpanUITests */ = {
			isa = PBXFileSystemSynchronizedRootGroup;
			path = KanpanUITests;
			sourceTree = "<group>";
		};
/* End PBXFileSystemSynchronizedRootGroup section */

/* Begin PBXFrameworksBuildPhase section */
		AE0000000000000000000044 /* Frameworks */ = {
			isa = PBXFrameworksBuildPhase;
			buildActionMask = 2147483647;
			files = (
			);
			runOnlyForDeploymentPostprocessing = 0;
		};
		AD0000000000000000000007 /* Frameworks */ = {
			isa = PBXFrameworksBuildPhase;
			buildActionMask = 2147483647;
			files = (
				AD0000000000000000000012 /* KanpanCore in Frameworks */,
				AD0000000000000000000072 /* KanpanPresentation in Frameworks */,
			);
			runOnlyForDeploymentPostprocessing = 0;
		};
		AB0000000000000000000007 /* Frameworks */ = {
			isa = PBXFrameworksBuildPhase;
			buildActionMask = 2147483647;
			files = (
				AB0000000000000000000012 /* KanpanCore in Frameworks */,
				AB0000000000000000000022 /* KanpanChart in Frameworks */,
				AB0000000000000000000032 /* KanpanData in Frameworks */,
				AB0000000000000000000062 /* KanpanNetwork in Frameworks */,
				AB0000000000000000000052 /* KanpanReview in Frameworks */,
				AC0000000000000000000052 /* KanpanAccount in Frameworks */,
				AB0000000000000000000072 /* KanpanPresentation in Frameworks */,
			);
			runOnlyForDeploymentPostprocessing = 0;
		};
		AB0000000000000000000044 /* Frameworks */ = {
			isa = PBXFrameworksBuildPhase;
			buildActionMask = 2147483647;
			files = (
			);
			runOnlyForDeploymentPostprocessing = 0;
		};
/* End PBXFrameworksBuildPhase section */

/* Begin PBXGroup section */
		AB0000000000000000000002 = {
			isa = PBXGroup;
			children = (
				AB0000000000000000000009 /* Kanpan */,
				AE0000000000000000000042 /* KanpanTests */,
				AB0000000000000000000042 /* KanpanUITests */,
				AD0000000000000000000009 /* KanpanWidget */,
				AE0000000000000000000050 /* KanpanShared */,
				AB0000000000000000000003 /* Products */,
			);
			sourceTree = "<group>";
		};
		AB0000000000000000000003 /* Products */ = {
			isa = PBXGroup;
			children = (
				AB0000000000000000000005 /* Kanpan.app */,
				AE0000000000000000000041 /* KanpanTests.xctest */,
				AB0000000000000000000041 /* KanpanUITests.xctest */,
				AD0000000000000000000005 /* KanpanWidget.appex */,
			);
			name = Products;
			sourceTree = "<group>";
		};
/* End PBXGroup section */

/* Begin PBXNativeTarget section */
		AE0000000000000000000046 /* KanpanTests */ = {
			isa = PBXNativeTarget;
			buildConfigurationList = AE0000000000000000000047 /* Build configuration list for PBXNativeTarget "KanpanTests" */;
			buildPhases = (
				AE0000000000000000000043 /* Sources */,
				AE0000000000000000000044 /* Frameworks */,
				AE0000000000000000000045 /* Resources */,
			);
			buildRules = (
			);
			dependencies = (
				AE000000000000000000004A /* PBXTargetDependency */,
			);
			fileSystemSynchronizedGroups = (
				AE0000000000000000000042 /* KanpanTests */,
			);
			name = KanpanTests;
			packageProductDependencies = (
			);
			productName = KanpanTests;
			productReference = AE0000000000000000000041 /* KanpanTests.xctest */;
			productType = "com.apple.product-type.bundle.unit-test";
		};
		AB0000000000000000000004 /* Kanpan */ = {
			isa = PBXNativeTarget;
			buildConfigurationList = AB000000000000000000000B /* Build configuration list for PBXNativeTarget "Kanpan" */;
			buildPhases = (
				AB0000000000000000000006 /* Sources */,
				AB0000000000000000000007 /* Frameworks */,
				AB0000000000000000000008 /* Resources */,
				AD0000000000000000000014 /* Embed Foundation Extensions */,
			);
			buildRules = (
			);
			dependencies = (
				AD000000000000000000004A /* PBXTargetDependency */,
			);
			fileSystemSynchronizedGroups = (
				AB0000000000000000000009 /* Kanpan */,
				AE0000000000000000000050 /* KanpanShared */,
			);
			name = Kanpan;
			packageProductDependencies = (
				AB0000000000000000000011 /* KanpanCore */,
				AB0000000000000000000021 /* KanpanChart */,
				AB0000000000000000000031 /* KanpanData */,
				AB0000000000000000000061 /* KanpanNetwork */,
				AB0000000000000000000051 /* KanpanReview */,
				AC0000000000000000000051 /* KanpanAccount */,
				AB0000000000000000000071 /* KanpanPresentation */,
			);
			productName = Kanpan;
			productReference = AB0000000000000000000005 /* Kanpan.app */;
			productType = "com.apple.product-type.application";
		};
		AB0000000000000000000046 /* KanpanUITests */ = {
			isa = PBXNativeTarget;
			buildConfigurationList = AB0000000000000000000047 /* Build configuration list for PBXNativeTarget "KanpanUITests" */;
			buildPhases = (
				AB0000000000000000000043 /* Sources */,
				AB0000000000000000000044 /* Frameworks */,
				AB0000000000000000000045 /* Resources */,
			);
			buildRules = (
			);
			dependencies = (
				AB000000000000000000004A /* PBXTargetDependency */,
			);
			fileSystemSynchronizedGroups = (
				AB0000000000000000000042 /* KanpanUITests */,
			);
			name = KanpanUITests;
			packageProductDependencies = (
			);
			productName = KanpanUITests;
			productReference = AB0000000000000000000041 /* KanpanUITests.xctest */;
			productType = "com.apple.product-type.bundle.ui-testing";
		};
		AD0000000000000000000004 /* KanpanWidget */ = {
			isa = PBXNativeTarget;
			buildConfigurationList = AD000000000000000000000B /* Build configuration list for PBXNativeTarget "KanpanWidget" */;
			buildPhases = (
				AD0000000000000000000006 /* Sources */,
				AD0000000000000000000007 /* Frameworks */,
				AD0000000000000000000008 /* Resources */,
			);
			buildRules = (
			);
			dependencies = (
			);
			fileSystemSynchronizedGroups = (
				AD0000000000000000000009 /* KanpanWidget */,
				AE0000000000000000000050 /* KanpanShared */,
			);
			name = KanpanWidget;
			packageProductDependencies = (
				AD0000000000000000000011 /* KanpanCore */,
				AD0000000000000000000071 /* KanpanPresentation */,
			);
			productName = KanpanWidget;
			productReference = AD0000000000000000000005 /* KanpanWidget.appex */;
			productType = "com.apple.product-type.app-extension";
		};
/* End PBXNativeTarget section */

/* Begin PBXProject section */
		AB0000000000000000000001 /* Project object */ = {
			isa = PBXProject;
			attributes = {
				BuildIndependentTargetsInParallel = 1;
				LastSwiftUpdateCheck = 2660;
				LastUpgradeCheck = 2660;
				TargetAttributes = {
					AB0000000000000000000004 = {
						CreatedOnToolsVersion = 26.6;
					};
					AB0000000000000000000046 = {
						CreatedOnToolsVersion = 26.6;
						TestTargetID = AB0000000000000000000004;
					};
					AE0000000000000000000046 = {
						CreatedOnToolsVersion = 26.6;
						TestTargetID = AB0000000000000000000004;
					};
					AD0000000000000000000004 = {
						CreatedOnToolsVersion = 26.6;
					};
				};
			};
			buildConfigurationList = AB000000000000000000000A /* Build configuration list for PBXProject "Kanpan" */;
			developmentRegion = "zh-Hans";
			hasScannedForEncodings = 0;
			knownRegions = (
				"zh-Hans",
				Base,
			);
			mainGroup = AB0000000000000000000002;
			minimizedProjectReferenceProxies = 1;
			packageReferences = (
				AB0000000000000000000010 /* XCLocalSwiftPackageReference "../KanpanCore" */,
				AB0000000000000000000020 /* XCLocalSwiftPackageReference "../KanpanChart" */,
				AB0000000000000000000030 /* XCLocalSwiftPackageReference "../KanpanData" */,
				AB0000000000000000000060 /* XCLocalSwiftPackageReference "../KanpanNetwork" */,
				AB0000000000000000000050 /* XCLocalSwiftPackageReference "../KanpanReview" */,
				AC0000000000000000000050 /* XCLocalSwiftPackageReference "../KanpanAccount" */,
				AB0000000000000000000070 /* XCLocalSwiftPackageReference "../KanpanPresentation" */,
			);
			preferredProjectObjectVersion = 77;
			productRefGroup = AB0000000000000000000003 /* Products */;
			projectDirPath = "";
			projectRoot = "";
			targets = (
				AB0000000000000000000004 /* Kanpan */,
				AE0000000000000000000046 /* KanpanTests */,
				AB0000000000000000000046 /* KanpanUITests */,
				AD0000000000000000000004 /* KanpanWidget */,
			);
		};
/* End PBXProject section */

/* Begin PBXResourcesBuildPhase section */
		AE0000000000000000000045 /* Resources */ = {
			isa = PBXResourcesBuildPhase;
			buildActionMask = 2147483647;
			files = (
			);
			runOnlyForDeploymentPostprocessing = 0;
		};
		AB0000000000000000000008 /* Resources */ = {
			isa = PBXResourcesBuildPhase;
			buildActionMask = 2147483647;
			files = (
			);
			runOnlyForDeploymentPostprocessing = 0;
		};
		AB0000000000000000000045 /* Resources */ = {
			isa = PBXResourcesBuildPhase;
			buildActionMask = 2147483647;
			files = (
			);
			runOnlyForDeploymentPostprocessing = 0;
		};
		AD0000000000000000000008 /* Resources */ = {
			isa = PBXResourcesBuildPhase;
			buildActionMask = 2147483647;
			files = (
			);
			runOnlyForDeploymentPostprocessing = 0;
		};
/* End PBXResourcesBuildPhase section */

/* Begin PBXSourcesBuildPhase section */
		AE0000000000000000000043 /* Sources */ = {
			isa = PBXSourcesBuildPhase;
			buildActionMask = 2147483647;
			files = (
			);
			runOnlyForDeploymentPostprocessing = 0;
		};
		AB0000000000000000000006 /* Sources */ = {
			isa = PBXSourcesBuildPhase;
			buildActionMask = 2147483647;
			files = (
			);
			runOnlyForDeploymentPostprocessing = 0;
		};
		AB0000000000000000000043 /* Sources */ = {
			isa = PBXSourcesBuildPhase;
			buildActionMask = 2147483647;
			files = (
			);
			runOnlyForDeploymentPostprocessing = 0;
		};
		AD0000000000000000000006 /* Sources */ = {
			isa = PBXSourcesBuildPhase;
			buildActionMask = 2147483647;
			files = (
			);
			runOnlyForDeploymentPostprocessing = 0;
		};
/* End PBXSourcesBuildPhase section */

/* Begin PBXTargetDependency section */
		AE000000000000000000004A /* PBXTargetDependency */ = {
			isa = PBXTargetDependency;
			target = AB0000000000000000000004 /* Kanpan */;
			targetProxy = AE000000000000000000004B /* PBXContainerItemProxy */;
		};
		AB000000000000000000004A /* PBXTargetDependency */ = {
			isa = PBXTargetDependency;
			target = AB0000000000000000000004 /* Kanpan */;
			targetProxy = AB000000000000000000004B /* PBXContainerItemProxy */;
		};
		AD000000000000000000004A /* PBXTargetDependency */ = {
			isa = PBXTargetDependency;
			target = AD0000000000000000000004 /* KanpanWidget */;
			targetProxy = AD000000000000000000004B /* PBXContainerItemProxy */;
		};
/* End PBXTargetDependency section */

/* Begin XCBuildConfiguration section */
		AE0000000000000000000048 /* Debug */ = {
			isa = XCBuildConfiguration;
			buildSettings = {
				BUNDLE_LOADER = "$(TEST_HOST)";
				CODE_SIGN_STYLE = Automatic;
				CURRENT_PROJECT_VERSION = 1;
				DEVELOPMENT_TEAM = 27Y32PT2HZ;
				GENERATE_INFOPLIST_FILE = YES;
				MARKETING_VERSION = 1.0.0;
				PRODUCT_BUNDLE_IDENTIFIER = com.mdd.kanpan.tests;
				PRODUCT_NAME = "$(TARGET_NAME)";
				SWIFT_EMIT_LOC_STRINGS = NO;
				TARGETED_DEVICE_FAMILY = "1,2";
				TEST_HOST = "$(BUILT_PRODUCTS_DIR)/Kanpan.app/$(BUNDLE_EXECUTABLE_FOLDER_PATH)/Kanpan";
			};
			name = Debug;
		};
		AE0000000000000000000049 /* Release */ = {
			isa = XCBuildConfiguration;
			buildSettings = {
				BUNDLE_LOADER = "$(TEST_HOST)";
				CODE_SIGN_STYLE = Automatic;
				CURRENT_PROJECT_VERSION = 1;
				DEVELOPMENT_TEAM = 27Y32PT2HZ;
				GENERATE_INFOPLIST_FILE = YES;
				MARKETING_VERSION = 1.0.0;
				PRODUCT_BUNDLE_IDENTIFIER = com.mdd.kanpan.tests;
				PRODUCT_NAME = "$(TARGET_NAME)";
				SWIFT_EMIT_LOC_STRINGS = NO;
				TARGETED_DEVICE_FAMILY = "1,2";
				TEST_HOST = "$(BUILT_PRODUCTS_DIR)/Kanpan.app/$(BUNDLE_EXECUTABLE_FOLDER_PATH)/Kanpan";
			};
			name = Release;
		};
		AB000000000000000000000C /* Debug */ = {
			isa = XCBuildConfiguration;
			buildSettings = {
				ALWAYS_SEARCH_USER_PATHS = NO;
				CLANG_ENABLE_MODULES = YES;
				CLANG_ENABLE_OBJC_ARC = YES;
				DEBUG_INFORMATION_FORMAT = dwarf;
				ENABLE_STRICT_OBJC_MSGSEND = YES;
				ENABLE_TESTABILITY = YES;
				GCC_NO_COMMON_BLOCKS = YES;
				GCC_OPTIMIZATION_LEVEL = 0;
				IPHONEOS_DEPLOYMENT_TARGET = 26.0;
				MTL_ENABLE_DEBUG_INFO = INCLUDE_SOURCE;
				ONLY_ACTIVE_ARCH = YES;
				SDKROOT = iphoneos;
				SWIFT_ACTIVE_COMPILATION_CONDITIONS = "DEBUG $(inherited)";
				SWIFT_OPTIMIZATION_LEVEL = "-Onone";
				SWIFT_STRICT_CONCURRENCY = complete;
				SWIFT_VERSION = 6.0;
			};
			name = Debug;
		};
		AB000000000000000000000D /* Release */ = {
			isa = XCBuildConfiguration;
			buildSettings = {
				ALWAYS_SEARCH_USER_PATHS = NO;
				CLANG_ENABLE_MODULES = YES;
				CLANG_ENABLE_OBJC_ARC = YES;
				DEBUG_INFORMATION_FORMAT = "dwarf-with-dsym";
				ENABLE_NS_ASSERTIONS = NO;
				ENABLE_STRICT_OBJC_MSGSEND = YES;
				GCC_NO_COMMON_BLOCKS = YES;
				IPHONEOS_DEPLOYMENT_TARGET = 26.0;
				MTL_ENABLE_DEBUG_INFO = NO;
				SDKROOT = iphoneos;
				SWIFT_COMPILATION_MODE = wholemodule;
				SWIFT_STRICT_CONCURRENCY = complete;
				SWIFT_VERSION = 6.0;
				VALIDATE_PRODUCT = YES;
			};
			name = Release;
		};
		AB000000000000000000000E /* Debug */ = {
			isa = XCBuildConfiguration;
			buildSettings = {
				ASSETCATALOG_COMPILER_APPICON_NAME = AppIcon;
				ASSETCATALOG_COMPILER_GLOBAL_ACCENT_COLOR_NAME = AccentColor;
				CODE_SIGN_ENTITLEMENTS = Config/Kanpan.entitlements;
				CODE_SIGN_STYLE = Automatic;
				CURRENT_PROJECT_VERSION = 1;
				DEVELOPMENT_TEAM = 27Y32PT2HZ;
				GENERATE_INFOPLIST_FILE = YES;
				INFOPLIST_FILE = Config/Info.plist;
				INFOPLIST_KEY_CFBundleDisplayName = "Hkline";
				INFOPLIST_KEY_UIApplicationSceneManifest_Generation = YES;
				INFOPLIST_KEY_UISupportedInterfaceOrientations_iPad = "UIInterfaceOrientationPortrait UIInterfaceOrientationPortraitUpsideDown UIInterfaceOrientationLandscapeLeft UIInterfaceOrientationLandscapeRight";
				INFOPLIST_KEY_UISupportedInterfaceOrientations_iPhone = "UIInterfaceOrientationPortrait UIInterfaceOrientationLandscapeLeft UIInterfaceOrientationLandscapeRight";
				LD_RUNPATH_SEARCH_PATHS = (
					"$(inherited)",
					"@executable_path/Frameworks",
				);
				MARKETING_VERSION = 1.0.0;
				PRODUCT_BUNDLE_IDENTIFIER = com.mdd.kanpan;
				SWIFT_TREAT_WARNINGS_AS_ERRORS = "$(KANPAN_STRICT_APP)";
				PRODUCT_NAME = "$(TARGET_NAME)";
				SWIFT_EMIT_LOC_STRINGS = YES;
				TARGETED_DEVICE_FAMILY = "1,2";
			};
			name = Debug;
		};
		AB000000000000000000000F /* Release */ = {
			isa = XCBuildConfiguration;
			buildSettings = {
				ASSETCATALOG_COMPILER_APPICON_NAME = AppIcon;
				ASSETCATALOG_COMPILER_GLOBAL_ACCENT_COLOR_NAME = AccentColor;
				CODE_SIGN_ENTITLEMENTS = Config/Kanpan.entitlements;
				CODE_SIGN_STYLE = Automatic;
				CURRENT_PROJECT_VERSION = 1;
				DEVELOPMENT_TEAM = 27Y32PT2HZ;
				GENERATE_INFOPLIST_FILE = YES;
				INFOPLIST_FILE = Config/Info.plist;
				INFOPLIST_KEY_CFBundleDisplayName = "Hkline";
				INFOPLIST_KEY_UIApplicationSceneManifest_Generation = YES;
				INFOPLIST_KEY_UISupportedInterfaceOrientations_iPad = "UIInterfaceOrientationPortrait UIInterfaceOrientationPortraitUpsideDown UIInterfaceOrientationLandscapeLeft UIInterfaceOrientationLandscapeRight";
				INFOPLIST_KEY_UISupportedInterfaceOrientations_iPhone = "UIInterfaceOrientationPortrait UIInterfaceOrientationLandscapeLeft UIInterfaceOrientationLandscapeRight";
				LD_RUNPATH_SEARCH_PATHS = (
					"$(inherited)",
					"@executable_path/Frameworks",
				);
				MARKETING_VERSION = 1.0.0;
				PRODUCT_BUNDLE_IDENTIFIER = com.mdd.kanpan;
				SWIFT_TREAT_WARNINGS_AS_ERRORS = "$(KANPAN_STRICT_APP)";
				PRODUCT_NAME = "$(TARGET_NAME)";
				SWIFT_EMIT_LOC_STRINGS = YES;
				TARGETED_DEVICE_FAMILY = "1,2";
			};
			name = Release;
		};
		AB0000000000000000000048 /* Debug */ = {
			isa = XCBuildConfiguration;
			buildSettings = {
				CODE_SIGN_STYLE = Automatic;
				CURRENT_PROJECT_VERSION = 1;
				DEVELOPMENT_TEAM = 27Y32PT2HZ;
				GENERATE_INFOPLIST_FILE = YES;
				MARKETING_VERSION = 1.0.0;
				PRODUCT_BUNDLE_IDENTIFIER = com.mdd.kanpan.uitests;
				PRODUCT_NAME = "$(TARGET_NAME)";
				SWIFT_EMIT_LOC_STRINGS = NO;
				TARGETED_DEVICE_FAMILY = "1,2";
				TEST_TARGET_NAME = Kanpan;
			};
			name = Debug;
		};
		AB0000000000000000000049 /* Release */ = {
			isa = XCBuildConfiguration;
			buildSettings = {
				CODE_SIGN_STYLE = Automatic;
				CURRENT_PROJECT_VERSION = 1;
				DEVELOPMENT_TEAM = 27Y32PT2HZ;
				GENERATE_INFOPLIST_FILE = YES;
				MARKETING_VERSION = 1.0.0;
				PRODUCT_BUNDLE_IDENTIFIER = com.mdd.kanpan.uitests;
				PRODUCT_NAME = "$(TARGET_NAME)";
				SWIFT_EMIT_LOC_STRINGS = NO;
				TARGETED_DEVICE_FAMILY = "1,2";
				TEST_TARGET_NAME = Kanpan;
			};
			name = Release;
		};
		AD000000000000000000000E /* Debug */ = {
			isa = XCBuildConfiguration;
			buildSettings = {
				CODE_SIGN_ENTITLEMENTS = Config/KanpanWidget.entitlements;
				CODE_SIGN_STYLE = Automatic;
				CURRENT_PROJECT_VERSION = 1;
				DEVELOPMENT_TEAM = 27Y32PT2HZ;
				GENERATE_INFOPLIST_FILE = YES;
				INFOPLIST_FILE = "Config/KanpanWidget-Info.plist";
				INFOPLIST_KEY_CFBundleDisplayName = "Hkline";
				INFOPLIST_KEY_NSHumanReadableCopyright = "";
				LD_RUNPATH_SEARCH_PATHS = (
					"$(inherited)",
					"@executable_path/Frameworks",
					"@executable_path/../../Frameworks",
				);
				MARKETING_VERSION = 1.0.0;
				PRODUCT_BUNDLE_IDENTIFIER = com.mdd.kanpan.widget;
				PRODUCT_NAME = "$(TARGET_NAME)";
				SKIP_INSTALL = YES;
				SWIFT_EMIT_LOC_STRINGS = YES;
				TARGETED_DEVICE_FAMILY = "1,2";
			};
			name = Debug;
		};
		AD000000000000000000000F /* Release */ = {
			isa = XCBuildConfiguration;
			buildSettings = {
				CODE_SIGN_ENTITLEMENTS = Config/KanpanWidget.entitlements;
				CODE_SIGN_STYLE = Automatic;
				CURRENT_PROJECT_VERSION = 1;
				DEVELOPMENT_TEAM = 27Y32PT2HZ;
				GENERATE_INFOPLIST_FILE = YES;
				INFOPLIST_FILE = "Config/KanpanWidget-Info.plist";
				INFOPLIST_KEY_CFBundleDisplayName = "Hkline";
				INFOPLIST_KEY_NSHumanReadableCopyright = "";
				LD_RUNPATH_SEARCH_PATHS = (
					"$(inherited)",
					"@executable_path/Frameworks",
					"@executable_path/../../Frameworks",
				);
				MARKETING_VERSION = 1.0.0;
				PRODUCT_BUNDLE_IDENTIFIER = com.mdd.kanpan.widget;
				PRODUCT_NAME = "$(TARGET_NAME)";
				SKIP_INSTALL = YES;
				SWIFT_EMIT_LOC_STRINGS = YES;
				TARGETED_DEVICE_FAMILY = "1,2";
			};
			name = Release;
		};
/* End XCBuildConfiguration section */

/* Begin XCConfigurationList section */
		AE0000000000000000000047 /* Build configuration list for PBXNativeTarget "KanpanTests" */ = {
			isa = XCConfigurationList;
			buildConfigurations = (
				AE0000000000000000000048 /* Debug */,
				AE0000000000000000000049 /* Release */,
			);
			defaultConfigurationIsVisible = 0;
			defaultConfigurationName = Release;
		};
		AB000000000000000000000A /* Build configuration list for PBXProject "Kanpan" */ = {
			isa = XCConfigurationList;
			buildConfigurations = (
				AB000000000000000000000C /* Debug */,
				AB000000000000000000000D /* Release */,
			);
			defaultConfigurationIsVisible = 0;
			defaultConfigurationName = Release;
		};
		AB000000000000000000000B /* Build configuration list for PBXNativeTarget "Kanpan" */ = {
			isa = XCConfigurationList;
			buildConfigurations = (
				AB000000000000000000000E /* Debug */,
				AB000000000000000000000F /* Release */,
			);
			defaultConfigurationIsVisible = 0;
			defaultConfigurationName = Release;
		};
		AB0000000000000000000047 /* Build configuration list for PBXNativeTarget "KanpanUITests" */ = {
			isa = XCConfigurationList;
			buildConfigurations = (
				AB0000000000000000000048 /* Debug */,
				AB0000000000000000000049 /* Release */,
			);
			defaultConfigurationIsVisible = 0;
			defaultConfigurationName = Release;
		};
		AD000000000000000000000B /* Build configuration list for PBXNativeTarget "KanpanWidget" */ = {
			isa = XCConfigurationList;
			buildConfigurations = (
				AD000000000000000000000E /* Debug */,
				AD000000000000000000000F /* Release */,
			);
			defaultConfigurationIsVisible = 0;
			defaultConfigurationName = Release;
		};
/* End XCConfigurationList section */

/* Begin XCLocalSwiftPackageReference section */
		AC0000000000000000000050 /* XCLocalSwiftPackageReference "../KanpanAccount" */ = {isa = XCLocalSwiftPackageReference; relativePath = ../KanpanAccount; };
		AB0000000000000000000010 /* XCLocalSwiftPackageReference "../KanpanCore" */ = {
			isa = XCLocalSwiftPackageReference;
			relativePath = ../KanpanCore;
		};
		AB0000000000000000000020 /* XCLocalSwiftPackageReference "../KanpanChart" */ = {
			isa = XCLocalSwiftPackageReference;
			relativePath = ../KanpanChart;
		};
		AB0000000000000000000030 /* XCLocalSwiftPackageReference "../KanpanData" */ = {
			isa = XCLocalSwiftPackageReference;
			relativePath = ../KanpanData;
		};
		AB0000000000000000000050 /* XCLocalSwiftPackageReference "../KanpanReview" */ = {isa = XCLocalSwiftPackageReference; relativePath = ../KanpanReview; };
		AB0000000000000000000060 /* XCLocalSwiftPackageReference "../KanpanNetwork" */ = {isa = XCLocalSwiftPackageReference; relativePath = ../KanpanNetwork; };
		AB0000000000000000000070 /* XCLocalSwiftPackageReference "../KanpanPresentation" */ = {isa = XCLocalSwiftPackageReference; relativePath = ../KanpanPresentation; };
/* End XCLocalSwiftPackageReference section */

/* Begin XCSwiftPackageProductDependency section */
		AC0000000000000000000051 /* KanpanAccount */ = {isa = XCSwiftPackageProductDependency; productName = KanpanAccount; };
		AB0000000000000000000011 /* KanpanCore */ = {
			isa = XCSwiftPackageProductDependency;
			productName = KanpanCore;
		};
		AB0000000000000000000021 /* KanpanChart */ = {
			isa = XCSwiftPackageProductDependency;
			productName = KanpanChart;
		};
		AB0000000000000000000031 /* KanpanData */ = {
			isa = XCSwiftPackageProductDependency;
			productName = KanpanData;
		};
		AB0000000000000000000051 /* KanpanReview */ = {isa = XCSwiftPackageProductDependency; productName = KanpanReview; };
		AB0000000000000000000061 /* KanpanNetwork */ = {
			isa = XCSwiftPackageProductDependency;
			package = AB0000000000000000000060 /* XCLocalSwiftPackageReference "../KanpanNetwork" */;
			productName = KanpanNetwork;
		};
		AD0000000000000000000011 /* KanpanCore */ = {
			isa = XCSwiftPackageProductDependency;
			productName = KanpanCore;
			package = AB0000000000000000000010 /* XCLocalSwiftPackageReference "../KanpanCore" */;
		};
		AB0000000000000000000071 /* KanpanPresentation */ = {
			isa = XCSwiftPackageProductDependency;
			package = AB0000000000000000000070 /* XCLocalSwiftPackageReference "../KanpanPresentation" */;
			productName = KanpanPresentation;
		};
		AD0000000000000000000071 /* KanpanPresentation */ = {
			isa = XCSwiftPackageProductDependency;
			package = AB0000000000000000000070 /* XCLocalSwiftPackageReference "../KanpanPresentation" */;
			productName = KanpanPresentation;
		};
/* End XCSwiftPackageProductDependency section */
	};
	rootObject = AB0000000000000000000001 /* Project object */;
}
